Microsoft Visual Studio Solution File, Format Version 12.00
# Visual Studio Version 17
VisualStudioVersion = 17.0.31903.59
MinimumVisualStudioVersion = 10.0.40554.0
Project("{FAE04EC0-301F-11D3-BF4C-00C04F79EFBC}") = "SplitSpace.SpaceService", "src\SplitSpace.SpaceService\SplitSpace.SpaceService.csproj", "{11111111-2222-3333-4444-555555555555}"
EndProject
Project("{FAE04EC0-301F-11D3-BF4C-00C04F79EFBC}") = "SplitSpace.SpaceService.Common", "src\SplitSpace.SpaceService.Common\SplitSpace.SpaceService.Common.csproj", "{22222222-3333-4444-5555-666666666666}"
EndProject
Project("{FAE04EC0-301F-11D3-BF4C-00C04F79EFBC}") = "SplitSpace.SpaceService.Dal", "src\SplitSpace.SpaceService.Dal\SplitSpace.SpaceService.Dal.csproj", "{33333333-4444-5555-6666-777777777777}"
EndProject
Project("{FAE04EC0-301F-11D3-BF4C-00C04F79EFBC}") = "SplitSpace.SpaceService.Logic", "src\SplitSpace.SpaceService.Logic\SplitSpace.SpaceService.Logic.csproj", "{44444444-5555-6666-7777-888888888888}"
EndProject
Project("{FAE04EC0-301F-11D3-BF4C-00C04F79EFBC}") = "SplitSpace.SpaceService.Grpc", "src\SplitSpace.SpaceService.Grpc\SplitSpace.SpaceService.Grpc.csproj", "{55555555-6666-7777-8888-999999999999}"
EndProject
Project("{FAE04EC0-301F-11D3-BF4B-00C04F79EFBC}") = "SplitSpace.SpaceService.Producing", "src\SplitSpace.SpaceService.Producing\SplitSpace.SpaceService.Producing.csproj", "{43446EC1-FCF5-4EEC-A58A-7646E5A6A0A7}"
EndProject
Project("{FAE04EC0-301F-11D3-BF4B-00C04F79EFBC}") = "SplitSpace.SpaceService.Domain", "src\SplitSpace.SpaceService.Domain\SplitSpace.SpaceService.Domain.csproj", "{BA816592-B441-4FFF-AFA7-AE2A78F370EC}"
EndProject
Global
	GlobalSection(SolutionConfigurationPlatforms) = preSolution
		Debug|Any CPU = Debug|Any CPU
		Release|Any CPU = Release|Any CPU
	EndGlobalSection
	GlobalSection(ProjectConfigurationPlatforms) = postSolution
		{11111111-2222-3333-4444-555555555555}.Debug|Any CPU.ActiveCfg = Debug|Any CPU
		{11111111-2222-3333-4444-555555555555}.Debug|Any CPU.Build.0 = Debug|Any CPU
		{11111111-2222-3333-4444-555555555555}.Release|Any CPU.ActiveCfg = Release|Any CPU
		{11111111-2222-3333-4444-555555555555}.Release|Any CPU.Build.0 = Release|Any CPU
		{22222222-3333-4444-5555-666666666666}.Debug|Any CPU.ActiveCfg = Debug|Any CPU
		{22222222-3333-4444-5555-666666666666}.Debug|Any CPU.Build.0 = Debug|Any CPU
		{22222222-3333-4444-5555-666666666666}.Release|Any CPU.ActiveCfg = Release|Any CPU
		{22222222-3333-4444-5555-666666666666}.Release|Any CPU.Build.0 = Release|Any CPU
		{33333333-4444-5555-6666-777777777777}.Debug|Any CPU.ActiveCfg = Debug|Any CPU
		{33333333-4444-5555-6666-777777777777}.Debug|Any CPU.Build.0 = Debug|Any CPU
		{33333333-4444-5555-6666-777777777777}.Release|Any CPU.ActiveCfg = Release|Any CPU
		{33333333-4444-5555-6666-777777777777}.Release|Any CPU.Build.0 = Release|Any CPU
		{44444444-5555-6666-7777-888888888888}.Debug|Any CPU.ActiveCfg = Debug|Any CPU
		{44444444-5555-6666-7777-888888888888}.Debug|Any CPU.Build.0 = Debug|Any CPU
		{44444444-5555-6666-7777-888888888888}.Release|Any CPU.ActiveCfg = Release|Any CPU
		{44444444-5555-6666-7777-888888888888}.Release|Any CPU.Build.0 = Release|Any CPU
		{55555555-6666-7777-8888-999999999999}.Debug|Any CPU.ActiveCfg = Debug|Any CPU
		{55555555-6666-7777-8888-999999999999}.Debug|Any CPU.Build.0 = Debug|Any CPU
		{55555555-6666-7777-8888-999999999999}.Release|Any CPU.ActiveCfg = Release|Any CPU
		{55555555-6666-7777-8888-999999999999}.Release|Any CPU.Build.0 = Release|Any CPU
		{43446EC1-FCF5-4EEC-A58A-7646E5A6A0A7}.Debug|Any CPU.ActiveCfg = Debug|Any CPU
		{43446EC1-FCF5-4EEC-A58A-7646E5A6A0A7}.Debug|Any CPU.Build.0 = Debug|Any CPU
		{43446EC1-FCF5-4EEC-A58A-7646E5A6A0A7}.Release|Any CPU.ActiveCfg = Release|Any CPU
		{43446EC1-FCF5-4EEC-A58A-7646E5A6A0A7}.Release|Any CPU.Build.0 = Release|Any CPU
		{BA816592-B441-4FFF-AFA7-AE2A78F370EC}.Debug|Any CPU.ActiveCfg = Debug|Any CPU
		{BA816592-B441-4FFF-AFA7-AE2A78F370EC}.Debug|Any CPU.Build.0 = Debug|Any CPU
		{BA816592-B441-4FFF-AFA7-AE2A78F370EC}.Release|Any CPU.ActiveCfg = Release|Any CPU
		{BA816592-B441-4FFF-AFA7-AE2A78F370EC}.Release|Any CPU.Build.0 = Release|Any CPU
	EndGlobalSection
EndGlobal
